{
  "object": {
    "pins": [
      {
        "package": "JavaScriptKit",
        "repositoryURL": "https://github.com/kateinoigakukun/JavaScriptKit.git",
        "state": {
          "branch": "c90e82f",
          "revision": "c90e82fe1d576a2ccd1aae798380bf80be7885fb",
          "version": null
        }
      },
      {
        "package": "OpenCombine",
        "repositoryURL": "https://github.com/MaxDesiatov/OpenCombine.git",
        "state": {
          "branch": "observable-object",
          "revision": "3c3a181acad7ab44a64d7c41140eb843222bb2aa",
          "version": null
        }
      },
      {
        "package": "Runtime",
        "repositoryURL": "https://github.com/MaxDesiatov/Runtime.git",
        "state": {
          "branch": "wasi-build",
          "revision": "a617ead8a125a97e69d6100e4d27922006e82e0a",
          "version": null
        }
      }
    ]
  },
  "version": 1
}
